
Microsoft Visual Studio Solution File, Format Version 12.00
# Visual Studio Version 16
VisualStudioVersion = 16.0.33927.289
MinimumVisualStudioVersion = 10.0.40219.1
Project("{2150E333-8FDC-42A3-9474-1A3956D46DE8}") = "Task0", "Task0", "{E53A5C49-F8C3-4504-BC34-866FCC2EC671}"
EndProject
Project("{FAE04EC0-301F-11D3-BF4B-00C04F79EFBC}") = "Tyuiu.RedikultsevaAA.Sprint3.Task0.V9", "Tyuiu.RedikultsevaAA.Sprint3.Task0.V9\Tyuiu.RedikultsevaAA.Sprint3.Task0.V9.csproj", "{6C3BA1C6-BF70-4C14-91DE-9F515F5E9410}"
EndProject
Project("{FAE04EC0-301F-11D3-BF4B-00C04F79EFBC}") = "Tyuiu.RedikultsevaAA.Sprint3.Task0.V9.Test", "Tyuiu.RedikultsevaAA.Sprint3.Task0.V9.Test\Tyuiu.RedikultsevaAA.Sprint3.Task0.V9.Test.csproj", "{6F545B2C-3F93-4EC3-9445-810AE45B65AB}"
EndProject
Project("{FAE04EC0-301F-11D3-BF4B-00C04F79EFBC}") = "Tyuiu.RedikultsevaAA.Sprint3.Task0.V9.Lib", "Tyuiu.RedikultsevaAA.Sprint3.Task0.V9.Lib\Tyuiu.RedikultsevaAA.Sprint3.Task0.V9.Lib.csproj", "{1EE0A6B7-F232-4A7D-A087-E420C36CD7B2}"
EndProject
Project("{2150E333-8FDC-42A3-9474-1A3956D46DE8}") = "Task1", "Task1", "{C6F7C392-7A91-46AD-A61A-5E94C4C30238}"
EndProject
Project("{FAE04EC0-301F-11D3-BF4B-00C04F79EFBC}") = "Tyuiu.RedikultsevaAA.Sprint3.Task1.V17", "Tyuiu.RedikultsevaAA.Sprint3.Task1.V17\Tyuiu.RedikultsevaAA.Sprint3.Task1.V17.csproj", "{3AA6E883-D197-4834-BD44-395276D22D0E}"
EndProject
Project("{FAE04EC0-301F-11D3-BF4B-00C04F79EFBC}") = "Tyuiu.RedikultsevaAA.Sprint3.Task1.V17.Lib", "Tyuiu.RedikultsevaAA.Sprint3.Task1.V17.Lib\Tyuiu.RedikultsevaAA.Sprint3.Task1.V17.Lib.csproj", "{13FEAB26-26F9-483B-949D-BE55634837F8}"
EndProject
Project("{FAE04EC0-301F-11D3-BF4B-00C04F79EFBC}") = "Tyuiu.RedikultsevaAA.Sprint3.Task1.V17.Test", "Tyuiu.RedikultsevaAA.Sprint3.Task1.V17.Test\Tyuiu.RedikultsevaAA.Sprint3.Task1.V17.Test.csproj", "{DD4F938A-B957-4070-87F7-48CAE448CC89}"
EndProject
Project("{2150E333-8FDC-42A3-9474-1A3956D46DE8}") = "Task2", "Task2", "{BA8210DF-5308-45A0-A344-9AF807135259}"
EndProject
Project("{FAE04EC0-301F-11D3-BF4B-00C04F79EFBC}") = "Tyuiu.RedikultsevaAA.Sprint3.Task2.V19", "Tyuiu.RedikultsevaAA.Sprint3.Task2.V19\Tyuiu.RedikultsevaAA.Sprint3.Task2.V19.csproj", "{EB5B362B-5956-4288-B4E0-F6ED13615896}"
EndProject
Project("{FAE04EC0-301F-11D3-BF4B-00C04F79EFBC}") = "Tyuiu.RedikultsevaAA.Sprint3.Task2.V19.Test", "Tyuiu.RedikultsevaAA.Sprint3.Task2.V19.Test\Tyuiu.RedikultsevaAA.Sprint3.Task2.V19.Test.csproj", "{0C773A9C-0390-40CF-889F-8AE74D7ACB20}"
EndProject
Project("{FAE04EC0-301F-11D3-BF4B-00C04F79EFBC}") = "Tyuiu.RedikultsevaAA.Sprint3.Task2.V19.Lib", "Tyuiu.RedikultsevaAA.Sprint3.Task2.V19.Lib\Tyuiu.RedikultsevaAA.Sprint3.Task2.V19.Lib.csproj", "{38B31743-A0DB-4E3E-A50D-7875757FD314}"
EndProject
Project("{2150E333-8FDC-42A3-9474-1A3956D46DE8}") = "Task3", "Task3", "{FA0E7C0D-6427-404C-8A0E-8A3969473A34}"
EndProject
Project("{FAE04EC0-301F-11D3-BF4B-00C04F79EFBC}") = "Tyuiu.RedikultsevaAA.Sprint3.Task3.V14", "Tyuiu.RedikultsevaAA.Sprint3.Task3.V14\Tyuiu.RedikultsevaAA.Sprint3.Task3.V14.csproj", "{1412434A-0559-4D32-83D6-D2B3FB5A3DD1}"
EndProject
Project("{FAE04EC0-301F-11D3-BF4B-00C04F79EFBC}") = "Tyuiu.RedikultsevaAA.Sprint3.Task3.V14.Lib", "Tyuiu.RedikultsevaAA.Sprint3.Task3.V14.Lib\Tyuiu.RedikultsevaAA.Sprint3.Task3.V14.Lib.csproj", "{C42B411A-71E4-4469-9919-B6129A11EDD7}"
EndProject
Project("{FAE04EC0-301F-11D3-BF4B-00C04F79EFBC}") = "Tyuiu.RedikultsevaAA.Sprint3.Task3.V14.Test", "Tyuiu.RedikultsevaAA.Sprint3.Task3.V14.Test\Tyuiu.RedikultsevaAA.Sprint3.Task3.V14.Test.csproj", "{4AE4AE98-3CE7-482B-A46C-11B10D9834E3}"
EndProject
Project("{2150E333-8FDC-42A3-9474-1A3956D46DE8}") = "Task4", "Task4", "{99BB4C01-2C42-4F69-BD89-BDC2599AF269}"
EndProject
Project("{FAE04EC0-301F-11D3-BF4B-00C04F79EFBC}") = "Tyuiu.RedikultsevaAA.Sprint3.Task4.V17", "Tyuiu.RedikultsevaAA.Sprint3.Task4.V17\Tyuiu.RedikultsevaAA.Sprint3.Task4.V17.csproj", "{2F2F314B-EE90-46D3-ABE9-1D31CBCABDCF}"
EndProject
Project("{FAE04EC0-301F-11D3-BF4B-00C04F79EFBC}") = "Tyuiu.RedikultsevaAA.Sprint3.Task4.V17.Test", "Tyuiu.RedikultsevaAA.Sprint3.Task4.V17.Test\Tyuiu.RedikultsevaAA.Sprint3.Task4.V17.Test.csproj", "{853B1BF9-9053-461E-AA96-1765D1700E77}"
EndProject
Project("{FAE04EC0-301F-11D3-BF4B-00C04F79EFBC}") = "Tyuiu.RedikultsevaAA.Sprint3.Task4.V17.Lib", "Tyuiu.RedikultsevaAA.Sprint3.Task4.V17.Lib\Tyuiu.RedikultsevaAA.Sprint3.Task4.V17.Lib.csproj", "{46B06658-95D2-4222-BE35-FF11B590B247}"
EndProject
Project("{2150E333-8FDC-42A3-9474-1A3956D46DE8}") = "Task5", "Task5", "{DEA91A92-2BD1-408D-BDF0-9DB66DB34AF7}"
EndProject
Project("{FAE04EC0-301F-11D3-BF4B-00C04F79EFBC}") = "Tyuiu.RedikultsevaAA.Sprint3.Task5.V28", "Tyuiu.RedikultsevaAA.Sprint3.Task5.V28\Tyuiu.RedikultsevaAA.Sprint3.Task5.V28.csproj", "{EFBBB437-094A-4649-9411-1157AD7D4616}"
EndProject
Project("{FAE04EC0-301F-11D3-BF4B-00C04F79EFBC}") = "Tyuiu.RedikultsevaAA.Sprint3.Task5.V28.Lib", "Tyuiu.RedikultsevaAA.Sprint3.Task5.V28.Lib\Tyuiu.RedikultsevaAA.Sprint3.Task5.V28.Lib.csproj", "{A57F2535-88D1-4481-8641-35AEFE1256D2}"
EndProject
Project("{FAE04EC0-301F-11D3-BF4B-00C04F79EFBC}") = "Tyuiu.RedikultsevaAA.Sprint3.Task5.V28.Test", "Tyuiu.RedikultsevaAA.Sprint3.Task5.V28.Test\Tyuiu.RedikultsevaAA.Sprint3.Task5.V28.Test.csproj", "{E6AFCB9E-A759-4FFF-8E18-4515C02D5F77}"
EndProject
Project("{2150E333-8FDC-42A3-9474-1A3956D46DE8}") = "Task6", "Task6", "{8EC2F6ED-D04F-42CC-A2A2-A31168EDC150}"
EndProject
Project("{FAE04EC0-301F-11D3-BF4B-00C04F79EFBC}") = "Tyuiu.RedikultsevaAA.Sprint3.Task6.V2", "Tyuiu.RedikultsevaAA.Sprint3.Task6.V2\Tyuiu.RedikultsevaAA.Sprint3.Task6.V2.csproj", "{29AB1793-CEFC-4410-83AF-ADDB43BBC813}"
EndProject
Project("{FAE04EC0-301F-11D3-BF4B-00C04F79EFBC}") = "Tyuiu.RedikultsevaAA.Sprint3.Task6.V2.Test", "Tyuiu.RedikultsevaAA.Sprint3.Task6.V2.Test\Tyuiu.RedikultsevaAA.Sprint3.Task6.V2.Test.csproj", "{434FA7F0-1DCD-47BC-8390-3FF0E0525CED}"
EndProject
Project("{FAE04EC0-301F-11D3-BF4B-00C04F79EFBC}") = "Tyuiu.RedikultsevaAA.Sprint3.Task6.V2.Lib", "Tyuiu.RedikultsevaAA.Sprint3.Task6.V2.Lib\Tyuiu.RedikultsevaAA.Sprint3.Task6.V2.Lib.csproj", "{7F2BF895-F4C3-4E16-ADE9-E7E6C4FF57D6}"
EndProject
Global
	GlobalSection(SolutionConfigurationPlatforms) = preSolution
		Debug|Any CPU = Debug|Any CPU
		Release|Any CPU = Release|Any CPU
	EndGlobalSection
	GlobalSection(ProjectConfigurationPlatforms) = postSolution
		{6C3BA1C6-BF70-4C14-91DE-9F515F5E9410}.Debug|Any CPU.ActiveCfg = Debug|Any CPU
		{6C3BA1C6-BF70-4C14-91DE-9F515F5E9410}.Debug|Any CPU.Build.0 = Debug|Any CPU
		{6C3BA1C6-BF70-4C14-91DE-9F515F5E9410}.Release|Any CPU.ActiveCfg = Release|Any CPU
		{6C3BA1C6-BF70-4C14-91DE-9F515F5E9410}.Release|Any CPU.Build.0 = Release|Any CPU
		{6F545B2C-3F93-4EC3-9445-810AE45B65AB}.Debug|Any CPU.ActiveCfg = Debug|Any CPU
		{6F545B2C-3F93-4EC3-9445-810AE45B65AB}.Debug|Any CPU.Build.0 = Debug|Any CPU
		{6F545B2C-3F93-4EC3-9445-810AE45B65AB}.Release|Any CPU.ActiveCfg = Release|Any CPU
		{6F545B2C-3F93-4EC3-9445-810AE45B65AB}.Release|Any CPU.Build.0 = Release|Any CPU
		{1EE0A6B7-F232-4A7D-A087-E420C36CD7B2}.Debug|Any CPU.ActiveCfg = Debug|Any CPU
		{1EE0A6B7-F232-4A7D-A087-E420C36CD7B2}.Debug|Any CPU.Build.0 = Debug|Any CPU
		{1EE0A6B7-F232-4A7D-A087-E420C36CD7B2}.Release|Any CPU.ActiveCfg = Release|Any CPU
		{1EE0A6B7-F232-4A7D-A087-E420C36CD7B2}.Release|Any CPU.Build.0 = Release|Any CPU
		{3AA6E883-D197-4834-BD44-395276D22D0E}.Debug|Any CPU.ActiveCfg = Debug|Any CPU
		{3AA6E883-D197-4834-BD44-395276D22D0E}.Debug|Any CPU.Build.0 = Debug|Any CPU
		{3AA6E883-D197-4834-BD44-395276D22D0E}.Release|Any CPU.ActiveCfg = Release|Any CPU
		{3AA6E883-D197-4834-BD44-395276D22D0E}.Release|Any CPU.Build.0 = Release|Any CPU
		{13FEAB26-26F9-483B-949D-BE55634837F8}.Debug|Any CPU.ActiveCfg = Debug|Any CPU
		{13FEAB26-26F9-483B-949D-BE55634837F8}.Debug|Any CPU.Build.0 = Debug|Any CPU
		{13FEAB26-26F9-483B-949D-BE55634837F8}.Release|Any CPU.ActiveCfg = Release|Any CPU
		{13FEAB26-26F9-483B-949D-BE55634837F8}.Release|Any CPU.Build.0 = Release|Any CPU
		{DD4F938A-B957-4070-87F7-48CAE448CC89}.Debug|Any CPU.ActiveCfg = Debug|Any CPU
		{DD4F938A-B957-4070-87F7-48CAE448CC89}.Debug|Any CPU.Build.0 = Debug|Any CPU
		{DD4F938A-B957-4070-87F7-48CAE448CC89}.Release|Any CPU.ActiveCfg = Release|Any CPU
		{DD4F938A-B957-4070-87F7-48CAE448CC89}.Release|Any CPU.Build.0 = Release|Any CPU
		{EB5B362B-5956-4288-B4E0-F6ED13615896}.Debug|Any CPU.ActiveCfg = Debug|Any CPU
		{EB5B362B-5956-4288-B4E0-F6ED13615896}.Debug|Any CPU.Build.0 = Debug|Any CPU
		{EB5B362B-5956-4288-B4E0-F6ED13615896}.Release|Any CPU.ActiveCfg = Release|Any CPU
		{EB5B362B-5956-4288-B4E0-F6ED13615896}.Release|Any CPU.Build.0 = Release|Any CPU
		{0C773A9C-0390-40CF-889F-8AE74D7ACB20}.Debug|Any CPU.ActiveCfg = Debug|Any CPU
		{0C773A9C-0390-40CF-889F-8AE74D7ACB20}.Debug|Any CPU.Build.0 = Debug|Any CPU
		{0C773A9C-0390-40CF-889F-8AE74D7ACB20}.Release|Any CPU.ActiveCfg = Release|Any CPU
		{0C773A9C-0390-40CF-889F-8AE74D7ACB20}.Release|Any CPU.Build.0 = Release|Any CPU
		{38B31743-A0DB-4E3E-A50D-7875757FD314}.Debug|Any CPU.ActiveCfg = Debug|Any CPU
		{38B31743-A0DB-4E3E-A50D-7875757FD314}.Debug|Any CPU.Build.0 = Debug|Any CPU
		{38B31743-A0DB-4E3E-A50D-7875757FD314}.Release|Any CPU.ActiveCfg = Release|Any CPU
		{38B31743-A0DB-4E3E-A50D-7875757FD314}.Release|Any CPU.Build.0 = Release|Any CPU
		{1412434A-0559-4D32-83D6-D2B3FB5A3DD1}.Debug|Any CPU.ActiveCfg = Debug|Any CPU
		{1412434A-0559-4D32-83D6-D2B3FB5A3DD1}.Debug|Any CPU.Build.0 = Debug|Any CPU
		{1412434A-0559-4D32-83D6-D2B3FB5A3DD1}.Release|Any CPU.ActiveCfg = Release|Any CPU
		{1412434A-0559-4D32-83D6-D2B3FB5A3DD1}.Release|Any CPU.Build.0 = Release|Any CPU
		{C42B411A-71E4-4469-9919-B6129A11EDD7}.Debug|Any CPU.ActiveCfg = Debug|Any CPU
		{C42B411A-71E4-4469-9919-B6129A11EDD7}.Debug|Any CPU.Build.0 = Debug|Any CPU
		{C42B411A-71E4-4469-9919-B6129A11EDD7}.Release|Any CPU.ActiveCfg = Release|Any CPU
		{C42B411A-71E4-4469-9919-B6129A11EDD7}.Release|Any CPU.Build.0 = Release|Any CPU
		{4AE4AE98-3CE7-482B-A46C-11B10D9834E3}.Debug|Any CPU.ActiveCfg = Debug|Any CPU
		{4AE4AE98-3CE7-482B-A46C-11B10D9834E3}.Debug|Any CPU.Build.0 = Debug|Any CPU
		{4AE4AE98-3CE7-482B-A46C-11B10D9834E3}.Release|Any CPU.ActiveCfg = Release|Any CPU
		{4AE4AE98-3CE7-482B-A46C-11B10D9834E3}.Release|Any CPU.Build.0 = Release|Any CPU
		{2F2F314B-EE90-46D3-ABE9-1D31CBCABDCF}.Debug|Any CPU.ActiveCfg = Debug|Any CPU
		{2F2F314B-EE90-46D3-ABE9-1D31CBCABDCF}.Debug|Any CPU.Build.0 = Debug|Any CPU
		{2F2F314B-EE90-46D3-ABE9-1D31CBCABDCF}.Release|Any CPU.ActiveCfg = Release|Any CPU
		{2F2F314B-EE90-46D3-ABE9-1D31CBCABDCF}.Release|Any CPU.Build.0 = Release|Any CPU
		{853B1BF9-9053-461E-AA96-1765D1700E77}.Debug|Any CPU.ActiveCfg = Debug|Any CPU
		{853B1BF9-9053-461E-AA96-1765D1700E77}.Debug|Any CPU.Build.0 = Debug|Any CPU
		{853B1BF9-9053-461E-AA96-1765D1700E77}.Release|Any CPU.ActiveCfg = Release|Any CPU
		{853B1BF9-9053-461E-AA96-1765D1700E77}.Release|Any CPU.Build.0 = Release|Any CPU
		{46B06658-95D2-4222-BE35-FF11B590B247}.Debug|Any CPU.ActiveCfg = Debug|Any CPU
		{46B06658-95D2-4222-BE35-FF11B590B247}.Debug|Any CPU.Build.0 = Debug|Any CPU
		{46B06658-95D2-4222-BE35-FF11B590B247}.Release|Any CPU.ActiveCfg = Release|Any CPU
		{46B06658-95D2-4222-BE35-FF11B590B247}.Release|Any CPU.Build.0 = Release|Any CPU
		{EFBBB437-094A-4649-9411-1157AD7D4616}.Debug|Any CPU.ActiveCfg = Debug|Any CPU
		{EFBBB437-094A-4649-9411-1157AD7D4616}.Debug|Any CPU.Build.0 = Debug|Any CPU
		{EFBBB437-094A-4649-9411-1157AD7D4616}.Release|Any CPU.ActiveCfg = Release|Any CPU
		{EFBBB437-094A-4649-9411-1157AD7D4616}.Release|Any CPU.Build.0 = Release|Any CPU
		{A57F2535-88D1-4481-8641-35AEFE1256D2}.Debug|Any CPU.ActiveCfg = Debug|Any CPU
		{A57F2535-88D1-4481-8641-35AEFE1256D2}.Debug|Any CPU.Build.0 = Debug|Any CPU
		{A57F2535-88D1-4481-8641-35AEFE1256D2}.Release|Any CPU.ActiveCfg = Release|Any CPU
		{A57F2535-88D1-4481-8641-35AEFE1256D2}.Release|Any CPU.Build.0 = Release|Any CPU
		{E6AFCB9E-A759-4FFF-8E18-4515C02D5F77}.Debug|Any CPU.ActiveCfg = Debug|Any CPU
		{E6AFCB9E-A759-4FFF-8E18-4515C02D5F77}.Debug|Any CPU.Build.0 = Debug|Any CPU
		{E6AFCB9E-A759-4FFF-8E18-4515C02D5F77}.Release|Any CPU.ActiveCfg = Release|Any CPU
		{E6AFCB9E-A759-4FFF-8E18-4515C02D5F77}.Release|Any CPU.Build.0 = Release|Any CPU
		{29AB1793-CEFC-4410-83AF-ADDB43BBC813}.Debug|Any CPU.ActiveCfg = Debug|Any CPU
		{29AB1793-CEFC-4410-83AF-ADDB43BBC813}.Debug|Any CPU.Build.0 = Debug|Any CPU
		{29AB1793-CEFC-4410-83AF-ADDB43BBC813}.Release|Any CPU.ActiveCfg = Release|Any CPU
		{29AB1793-CEFC-4410-83AF-ADDB43BBC813}.Release|Any CPU.Build.0 = Release|Any CPU
		{434FA7F0-1DCD-47BC-8390-3FF0E0525CED}.Debug|Any CPU.ActiveCfg = Debug|Any CPU
		{434FA7F0-1DCD-47BC-8390-3FF0E0525CED}.Debug|Any CPU.Build.0 = Debug|Any CPU
		{434FA7F0-1DCD-47BC-8390-3FF0E0525CED}.Release|Any CPU.ActiveCfg = Release|Any CPU
		{434FA7F0-1DCD-47BC-8390-3FF0E0525CED}.Release|Any CPU.Build.0 = Release|Any CPU
		{7F2BF895-F4C3-4E16-ADE9-E7E6C4FF57D6}.Debug|Any CPU.ActiveCfg = Debug|Any CPU
		{7F2BF895-F4C3-4E16-ADE9-E7E6C4FF57D6}.Debug|Any CPU.Build.0 = Debug|Any CPU
		{7F2BF895-F4C3-4E16-ADE9-E7E6C4FF57D6}.Release|Any CPU.ActiveCfg = Release|Any CPU
		{7F2BF895-F4C3-4E16-ADE9-E7E6C4FF57D6}.Release|Any CPU.Build.0 = Release|Any CPU
	EndGlobalSection
	GlobalSection(SolutionProperties) = preSolution
		HideSolutionNode = FALSE
	EndGlobalSection
	GlobalSection(NestedProjects) = preSolution
		{6C3BA1C6-BF70-4C14-91DE-9F515F5E9410} = {E53A5C49-F8C3-4504-BC34-866FCC2EC671}
		{6F545B2C-3F93-4EC3-9445-810AE45B65AB} = {E53A5C49-F8C3-4504-BC34-866FCC2EC671}
		{1EE0A6B7-F232-4A7D-A087-E420C36CD7B2} = {E53A5C49-F8C3-4504-BC34-866FCC2EC671}
		{3AA6E883-D197-4834-BD44-395276D22D0E} = {C6F7C392-7A91-46AD-A61A-5E94C4C30238}
		{13FEAB26-26F9-483B-949D-BE55634837F8} = {C6F7C392-7A91-46AD-A61A-5E94C4C30238}
		{DD4F938A-B957-4070-87F7-48CAE448CC89} = {C6F7C392-7A91-46AD-A61A-5E94C4C30238}
		{EB5B362B-5956-4288-B4E0-F6ED13615896} = {BA8210DF-5308-45A0-A344-9AF807135259}
		{0C773A9C-0390-40CF-889F-8AE74D7ACB20} = {BA8210DF-5308-45A0-A344-9AF807135259}
		{38B31743-A0DB-4E3E-A50D-7875757FD314} = {BA8210DF-5308-45A0-A344-9AF807135259}
		{1412434A-0559-4D32-83D6-D2B3FB5A3DD1} = {FA0E7C0D-6427-404C-8A0E-8A3969473A34}
		{C42B411A-71E4-4469-9919-B6129A11EDD7} = {FA0E7C0D-6427-404C-8A0E-8A3969473A34}
		{4AE4AE98-3CE7-482B-A46C-11B10D9834E3} = {FA0E7C0D-6427-404C-8A0E-8A3969473A34}
		{2F2F314B-EE90-46D3-ABE9-1D31CBCABDCF} = {99BB4C01-2C42-4F69-BD89-BDC2599AF269}
		{853B1BF9-9053-461E-AA96-1765D1700E77} = {99BB4C01-2C42-4F69-BD89-BDC2599AF269}
		{46B06658-95D2-4222-BE35-FF11B590B247} = {99BB4C01-2C42-4F69-BD89-BDC2599AF269}
		{EFBBB437-094A-4649-9411-1157AD7D4616} = {DEA91A92-2BD1-408D-BDF0-9DB66DB34AF7}
		{A57F2535-88D1-4481-8641-35AEFE1256D2} = {DEA91A92-2BD1-408D-BDF0-9DB66DB34AF7}
		{E6AFCB9E-A759-4FFF-8E18-4515C02D5F77} = {DEA91A92-2BD1-408D-BDF0-9DB66DB34AF7}
		{29AB1793-CEFC-4410-83AF-ADDB43BBC813} = {8EC2F6ED-D04F-42CC-A2A2-A31168EDC150}
		{434FA7F0-1DCD-47BC-8390-3FF0E0525CED} = {8EC2F6ED-D04F-42CC-A2A2-A31168EDC150}
		{7F2BF895-F4C3-4E16-ADE9-E7E6C4FF57D6} = {8EC2F6ED-D04F-42CC-A2A2-A31168EDC150}
	EndGlobalSection
	GlobalSection(ExtensibilityGlobals) = postSolution
		SolutionGuid = {658E7E73-AC3F-438E-BD65-338F647251EC}
	EndGlobalSection
EndGlobal
